
Microsoft Visual Studio Solution File, Format Version 12.00
# Visual Studio Version 17
VisualStudioVersion = 17.5.002.0
MinimumVisualStudioVersion = 10.0.40219.1
Project("{9A19103F-16F7-4668-BE54-9A1E7A4F7556}") = "DiAPi", "DiAPi.csproj", "{FB54B61E-B843-4B67-9FFD-42DCA2733CA3}"
EndProject
Global
	GlobalSection(SolutionConfigurationPlatforms) = preSolution
		Debug|Any CPU = Debug|Any CPU
		Release|Any CPU = Release|Any CPU
	EndGlobalSection
	GlobalSection(ProjectConfigurationPlatforms) = postSolution
		{FB54B61E-B843-4B67-9FFD-42DCA2733CA3}.Debug|Any CPU.ActiveCfg = Debug|Any CPU
		{FB54B61E-B843-4B67-9FFD-42DCA2733CA3}.Debug|Any CPU.Build.0 = Debug|Any CPU
		{FB54B61E-B843-4B67-9FFD-42DCA2733CA3}.Release|Any CPU.ActiveCfg = Release|Any CPU
		{FB54B61E-B843-4B67-9FFD-42DCA2733CA3}.Release|Any CPU.Build.0 = Release|Any CPU
	EndGlobalSection
	GlobalSection(SolutionProperties) = preSolution
		HideSolutionNode = FALSE
	EndGlobalSection
	GlobalSection(ExtensibilityGlobals) = postSolution
		SolutionGuid = {227E85F4-AE33-411B-8A79-497706E7DF08}
	EndGlobalSection
EndGlobal
